
Microsoft Visual Studio Solution File, Format Version 12.00
# Visual Studio Version 17
VisualStudioVersion = 17.8.34525.116
MinimumVisualStudioVersion = 10.0.40219.1
Project("{FAE04EC0-301F-11D3-BF4B-00C04F79EFBC}") = "auto-close-message-box", "auto-close-message-box\auto-close-message-box.csproj", "{F12CC5B9-2F00-4BF8-93ED-E43014672E1D}"
EndProject
Global
	GlobalSection(SolutionConfigurationPlatforms) = preSolution
		Debug|Any CPU = Debug|Any CPU
		Release|Any CPU = Release|Any CPU
	EndGlobalSection
	GlobalSection(ProjectConfigurationPlatforms) = postSolution
		{F12CC5B9-2F00-4BF8-93ED-E43014672E1D}.Debug|Any CPU.ActiveCfg = Debug|Any CPU
		{F12CC5B9-2F00-4BF8-93ED-E43014672E1D}.Debug|Any CPU.Build.0 = Debug|Any CPU
		{F12CC5B9-2F00-4BF8-93ED-E43014672E1D}.Release|Any CPU.ActiveCfg = Release|Any CPU
		{F12CC5B9-2F00-4BF8-93ED-E43014672E1D}.Release|Any CPU.Build.0 = Release|Any CPU
	EndGlobalSection
	GlobalSection(SolutionProperties) = preSolution
		HideSolutionNode = FALSE
	EndGlobalSection
	GlobalSection(ExtensibilityGlobals) = postSolution
		SolutionGuid = {653156F4-0BDB-4ECE-AE79-6C77C3D16684}
	EndGlobalSection
EndGlobal
